
Microsoft Visual Studio Solution File, Format Version 12.00
# Visual Studio Version 16
VisualStudioVersion = 16.0.30611.23
MinimumVisualStudioVersion = 10.0.40219.1
Project("{FAE04EC0-301F-11D3-BF4B-00C04F79EFBC}") = "MySuperCollection", "Test4\MySuperCollection.csproj", "{36DE7C66-6A74-48D5-A010-93637365B8F2}"
EndProject
Global
	GlobalSection(SolutionConfigurationPlatforms) = preSolution
		Debug|Any CPU = Debug|Any CPU
		Release|Any CPU = Release|Any CPU
	EndGlobalSection
	GlobalSection(ProjectConfigurationPlatforms) = postSolution
		{36DE7C66-6A74-48D5-A010-93637365B8F2}.Debug|Any CPU.ActiveCfg = Debug|Any CPU
		{36DE7C66-6A74-48D5-A010-93637365B8F2}.Debug|Any CPU.Build.0 = Debug|Any CPU
		{36DE7C66-6A74-48D5-A010-93637365B8F2}.Release|Any CPU.ActiveCfg = Release|Any CPU
		{36DE7C66-6A74-48D5-A010-93637365B8F2}.Release|Any CPU.Build.0 = Release|Any CPU
	EndGlobalSection
	GlobalSection(SolutionProperties) = preSolution
		HideSolutionNode = FALSE
	EndGlobalSection
	GlobalSection(ExtensibilityGlobals) = postSolution
		SolutionGuid = {D9665CBA-ABC5-4678-B1C2-2EA150438894}
	EndGlobalSection
EndGlobal
